
Microsoft Visual Studio Solution File, Format Version 12.00
# Visual Studio Version 17
VisualStudioVersion = 17.3.32901.215
MinimumVisualStudioVersion = 10.0.40219.1
Project("{9A19103F-16F7-4668-BE54-9A1E7A4F7556}") = "LightGame.Silo", "src\LightGame.Silo\LightGame.Silo.csproj", "{BB1AD875-BE1C-4CF6-AB9B-F03F3FB00539}"
EndProject
Project("{9A19103F-16F7-4668-BE54-9A1E7A4F7556}") = "LightGame.GrainInterfaces", "src\LightGame.GrainInterfaces\LightGame.GrainInterfaces.csproj", "{5FB3D171-CEE4-46A1-9F81-3F3277348DA6}"
EndProject
Project("{9A19103F-16F7-4668-BE54-9A1E7A4F7556}") = "LightGame.Gateway", "src\LightGame.Gateway\LightGame.Gateway.csproj", "{EB7D3217-3737-449C-A038-34BB16FDA8D8}"
EndProject
Project("{9A19103F-16F7-4668-BE54-9A1E7A4F7556}") = "LightGame.Protocol", "src\LightGame.Protocol\LightGame.Protocol.csproj", "{A020A1C0-630C-48AD-B21E-04E80AB16AF7}"
EndProject
Project("{9A19103F-16F7-4668-BE54-9A1E7A4F7556}") = "LightGame.Common", "src\LightGame.Common\LightGame.Common.csproj", "{5F5C78F5-A719-49B1-823B-D61B88DEF67A}"
EndProject
Project("{9A19103F-16F7-4668-BE54-9A1E7A4F7556}") = "LightGame.Grains", "src\LightGame.Grains\LightGame.Grains.csproj", "{4C66A5FD-ED88-404E-BFD2-0FAB86710179}"
EndProject
Project("{9A19103F-16F7-4668-BE54-9A1E7A4F7556}") = "LightGame.Entity", "src\Shared\LightGame.Entitys\LightGame.Entity.csproj", "{D25818DA-D0BE-4294-BD89-BA184E5F4063}"
EndProject
Project("{FAE04EC0-301F-11D3-BF4B-00C04F79EFBC}") = "LightGame.API", "src\LightGame.API\LightGame.API.csproj", "{2D021816-A9E9-4A7A-A146-37C817F6429E}"
EndProject
Global
	GlobalSection(SolutionConfigurationPlatforms) = preSolution
		Debug|Any CPU = Debug|Any CPU
		Release|Any CPU = Release|Any CPU
	EndGlobalSection
	GlobalSection(ProjectConfigurationPlatforms) = postSolution
		{BB1AD875-BE1C-4CF6-AB9B-F03F3FB00539}.Debug|Any CPU.ActiveCfg = Debug|Any CPU
		{BB1AD875-BE1C-4CF6-AB9B-F03F3FB00539}.Debug|Any CPU.Build.0 = Debug|Any CPU
		{BB1AD875-BE1C-4CF6-AB9B-F03F3FB00539}.Release|Any CPU.ActiveCfg = Release|Any CPU
		{BB1AD875-BE1C-4CF6-AB9B-F03F3FB00539}.Release|Any CPU.Build.0 = Release|Any CPU
		{5FB3D171-CEE4-46A1-9F81-3F3277348DA6}.Debug|Any CPU.ActiveCfg = Debug|Any CPU
		{5FB3D171-CEE4-46A1-9F81-3F3277348DA6}.Debug|Any CPU.Build.0 = Debug|Any CPU
		{5FB3D171-CEE4-46A1-9F81-3F3277348DA6}.Release|Any CPU.ActiveCfg = Release|Any CPU
		{5FB3D171-CEE4-46A1-9F81-3F3277348DA6}.Release|Any CPU.Build.0 = Release|Any CPU
		{EB7D3217-3737-449C-A038-34BB16FDA8D8}.Debug|Any CPU.ActiveCfg = Debug|Any CPU
		{EB7D3217-3737-449C-A038-34BB16FDA8D8}.Debug|Any CPU.Build.0 = Debug|Any CPU
		{EB7D3217-3737-449C-A038-34BB16FDA8D8}.Release|Any CPU.ActiveCfg = Release|Any CPU
		{EB7D3217-3737-449C-A038-34BB16FDA8D8}.Release|Any CPU.Build.0 = Release|Any CPU
		{A020A1C0-630C-48AD-B21E-04E80AB16AF7}.Debug|Any CPU.ActiveCfg = Debug|Any CPU
		{A020A1C0-630C-48AD-B21E-04E80AB16AF7}.Debug|Any CPU.Build.0 = Debug|Any CPU
		{A020A1C0-630C-48AD-B21E-04E80AB16AF7}.Release|Any CPU.ActiveCfg = Release|Any CPU
		{A020A1C0-630C-48AD-B21E-04E80AB16AF7}.Release|Any CPU.Build.0 = Release|Any CPU
		{5F5C78F5-A719-49B1-823B-D61B88DEF67A}.Debug|Any CPU.ActiveCfg = Debug|Any CPU
		{5F5C78F5-A719-49B1-823B-D61B88DEF67A}.Debug|Any CPU.Build.0 = Debug|Any CPU
		{5F5C78F5-A719-49B1-823B-D61B88DEF67A}.Release|Any CPU.ActiveCfg = Release|Any CPU
		{5F5C78F5-A719-49B1-823B-D61B88DEF67A}.Release|Any CPU.Build.0 = Release|Any CPU
		{4C66A5FD-ED88-404E-BFD2-0FAB86710179}.Debug|Any CPU.ActiveCfg = Debug|Any CPU
		{4C66A5FD-ED88-404E-BFD2-0FAB86710179}.Debug|Any CPU.Build.0 = Debug|Any CPU
		{4C66A5FD-ED88-404E-BFD2-0FAB86710179}.Release|Any CPU.ActiveCfg = Release|Any CPU
		{4C66A5FD-ED88-404E-BFD2-0FAB86710179}.Release|Any CPU.Build.0 = Release|Any CPU
		{D25818DA-D0BE-4294-BD89-BA184E5F4063}.Debug|Any CPU.ActiveCfg = Debug|Any CPU
		{D25818DA-D0BE-4294-BD89-BA184E5F4063}.Debug|Any CPU.Build.0 = Debug|Any CPU
		{D25818DA-D0BE-4294-BD89-BA184E5F4063}.Release|Any CPU.ActiveCfg = Release|Any CPU
		{D25818DA-D0BE-4294-BD89-BA184E5F4063}.Release|Any CPU.Build.0 = Release|Any CPU
		{2D021816-A9E9-4A7A-A146-37C817F6429E}.Debug|Any CPU.ActiveCfg = Debug|Any CPU
		{2D021816-A9E9-4A7A-A146-37C817F6429E}.Debug|Any CPU.Build.0 = Debug|Any CPU
		{2D021816-A9E9-4A7A-A146-37C817F6429E}.Release|Any CPU.ActiveCfg = Release|Any CPU
		{2D021816-A9E9-4A7A-A146-37C817F6429E}.Release|Any CPU.Build.0 = Release|Any CPU
	EndGlobalSection
	GlobalSection(SolutionProperties) = preSolution
		HideSolutionNode = FALSE
	EndGlobalSection
	GlobalSection(ExtensibilityGlobals) = postSolution
		SolutionGuid = {F1A49FFB-6DCF-43EC-AA4D-1C16E4E00336}
	EndGlobalSection
EndGlobal
